
Microsoft Visual Studio Solution File, Format Version 12.00
# Visual Studio Version 17
VisualStudioVersion = 17.7.34202.233
MinimumVisualStudioVersion = 10.0.40219.1
Project("{FAE04EC0-301F-11D3-BF4B-00C04F79EFBC}") = "SistemaInventarioV7", "SistemaInventarioV7\SistemaInventarioV7.csproj", "{6ABCBAA3-898F-461B-BAF8-1B8187EFD85A}"
EndProject
Global
	GlobalSection(SolutionConfigurationPlatforms) = preSolution
		Debug|Any CPU = Debug|Any CPU
		Release|Any CPU = Release|Any CPU
	EndGlobalSection
	GlobalSection(ProjectConfigurationPlatforms) = postSolution
		{6ABCBAA3-898F-461B-BAF8-1B8187EFD85A}.Debug|Any CPU.ActiveCfg = Debug|Any CPU
		{6ABCBAA3-898F-461B-BAF8-1B8187EFD85A}.Debug|Any CPU.Build.0 = Debug|Any CPU
		{6ABCBAA3-898F-461B-BAF8-1B8187EFD85A}.Release|Any CPU.ActiveCfg = Release|Any CPU
		{6ABCBAA3-898F-461B-BAF8-1B8187EFD85A}.Release|Any CPU.Build.0 = Release|Any CPU
	EndGlobalSection
	GlobalSection(SolutionProperties) = preSolution
		HideSolutionNode = FALSE
	EndGlobalSection
	GlobalSection(ExtensibilityGlobals) = postSolution
		SolutionGuid = {F2CE5468-9C45-4B92-B929-5547AB7CD98D}
	EndGlobalSection
EndGlobal
